
Microsoft Visual Studio Solution File, Format Version 12.00
# Visual Studio Version 17
VisualStudioVersion = 17.12.35707.178
MinimumVisualStudioVersion = 10.0.40219.1
Project("{2150E333-8FDC-42A3-9474-1A3956D46DE8}") = "Services", "Services", "{BDC1AB14-9F92-43EC-9DBB-934AE4ED7BC9}"
EndProject
Project("{2150E333-8FDC-42A3-9474-1A3956D46DE8}") = "Catalog", "Catalog", "{1C6A065D-8532-406B-91B0-CAA3BDF5E832}"
EndProject
Project("{FAE04EC0-301F-11D3-BF4B-00C04F79EFBC}") = "Catalog.API", "Services\Catalog\Catalog.API\Catalog.API.csproj", "{C9C3D650-B0A0-4DF4-8B83-3D720971B86F}"
EndProject
Project("{2150E333-8FDC-42A3-9474-1A3956D46DE8}") = "BuildingBlocks", "BuildingBlocks", "{C90F4ECF-75B9-46CB-953F-BB2EA545C66A}"
EndProject
Project("{FAE04EC0-301F-11D3-BF4B-00C04F79EFBC}") = "BuildingBlock", "BuildingBlocks\BuildingBlock\BuildingBlock.csproj", "{68BB0D40-F763-41C7-8A8F-62A024AD9707}"
EndProject
Project("{E53339B2-1760-4266-BCC7-CA923CBCF16C}") = "docker-compose", "docker-compose.dcproj", "{F80DDD86-4945-4DFB-8284-BA0F51B6A8A1}"
EndProject
Project("{2150E333-8FDC-42A3-9474-1A3956D46DE8}") = "Basket", "Basket", "{43AD8297-D939-4937-986C-1284976ACAB7}"
EndProject
Project("{FAE04EC0-301F-11D3-BF4B-00C04F79EFBC}") = "Basket.API", "Services\Basket\Basket.API\Basket.API.csproj", "{EEAFE9A1-EF46-431D-AAFD-369CDC40E94C}"
EndProject
Project("{2150E333-8FDC-42A3-9474-1A3956D46DE8}") = "Discount", "Discount", "{C399BD60-324A-4BF6-9D57-B6D702DCB6A1}"
EndProject
Project("{FAE04EC0-301F-11D3-BF4B-00C04F79EFBC}") = "Discount.gRPC", "Services\Discount\Discount.gRPC\Discount.gRPC.csproj", "{459FC980-9AC3-4EB7-93A2-44A762D5EC0D}"
EndProject
Global
	GlobalSection(SolutionConfigurationPlatforms) = preSolution
		Debug|Any CPU = Debug|Any CPU
		Release|Any CPU = Release|Any CPU
	EndGlobalSection
	GlobalSection(ProjectConfigurationPlatforms) = postSolution
		{C9C3D650-B0A0-4DF4-8B83-3D720971B86F}.Debug|Any CPU.ActiveCfg = Debug|Any CPU
		{C9C3D650-B0A0-4DF4-8B83-3D720971B86F}.Debug|Any CPU.Build.0 = Debug|Any CPU
		{C9C3D650-B0A0-4DF4-8B83-3D720971B86F}.Release|Any CPU.ActiveCfg = Release|Any CPU
		{C9C3D650-B0A0-4DF4-8B83-3D720971B86F}.Release|Any CPU.Build.0 = Release|Any CPU
		{68BB0D40-F763-41C7-8A8F-62A024AD9707}.Debug|Any CPU.ActiveCfg = Debug|Any CPU
		{68BB0D40-F763-41C7-8A8F-62A024AD9707}.Debug|Any CPU.Build.0 = Debug|Any CPU
		{68BB0D40-F763-41C7-8A8F-62A024AD9707}.Release|Any CPU.ActiveCfg = Release|Any CPU
		{68BB0D40-F763-41C7-8A8F-62A024AD9707}.Release|Any CPU.Build.0 = Release|Any CPU
		{F80DDD86-4945-4DFB-8284-BA0F51B6A8A1}.Debug|Any CPU.ActiveCfg = Debug|Any CPU
		{F80DDD86-4945-4DFB-8284-BA0F51B6A8A1}.Debug|Any CPU.Build.0 = Debug|Any CPU
		{F80DDD86-4945-4DFB-8284-BA0F51B6A8A1}.Release|Any CPU.ActiveCfg = Release|Any CPU
		{F80DDD86-4945-4DFB-8284-BA0F51B6A8A1}.Release|Any CPU.Build.0 = Release|Any CPU
		{EEAFE9A1-EF46-431D-AAFD-369CDC40E94C}.Debug|Any CPU.ActiveCfg = Debug|Any CPU
		{EEAFE9A1-EF46-431D-AAFD-369CDC40E94C}.Debug|Any CPU.Build.0 = Debug|Any CPU
		{EEAFE9A1-EF46-431D-AAFD-369CDC40E94C}.Release|Any CPU.ActiveCfg = Release|Any CPU
		{EEAFE9A1-EF46-431D-AAFD-369CDC40E94C}.Release|Any CPU.Build.0 = Release|Any CPU
		{459FC980-9AC3-4EB7-93A2-44A762D5EC0D}.Debug|Any CPU.ActiveCfg = Debug|Any CPU
		{459FC980-9AC3-4EB7-93A2-44A762D5EC0D}.Debug|Any CPU.Build.0 = Debug|Any CPU
		{459FC980-9AC3-4EB7-93A2-44A762D5EC0D}.Release|Any CPU.ActiveCfg = Release|Any CPU
		{459FC980-9AC3-4EB7-93A2-44A762D5EC0D}.Release|Any CPU.Build.0 = Release|Any CPU
	EndGlobalSection
	GlobalSection(SolutionProperties) = preSolution
		HideSolutionNode = FALSE
	EndGlobalSection
	GlobalSection(NestedProjects) = preSolution
		{1C6A065D-8532-406B-91B0-CAA3BDF5E832} = {BDC1AB14-9F92-43EC-9DBB-934AE4ED7BC9}
		{C9C3D650-B0A0-4DF4-8B83-3D720971B86F} = {1C6A065D-8532-406B-91B0-CAA3BDF5E832}
		{68BB0D40-F763-41C7-8A8F-62A024AD9707} = {C90F4ECF-75B9-46CB-953F-BB2EA545C66A}
		{43AD8297-D939-4937-986C-1284976ACAB7} = {BDC1AB14-9F92-43EC-9DBB-934AE4ED7BC9}
		{EEAFE9A1-EF46-431D-AAFD-369CDC40E94C} = {43AD8297-D939-4937-986C-1284976ACAB7}
		{C399BD60-324A-4BF6-9D57-B6D702DCB6A1} = {BDC1AB14-9F92-43EC-9DBB-934AE4ED7BC9}
		{459FC980-9AC3-4EB7-93A2-44A762D5EC0D} = {C399BD60-324A-4BF6-9D57-B6D702DCB6A1}
	EndGlobalSection
EndGlobal
